
Microsoft Visual Studio Solution File, Format Version 12.00
# Visual Studio 15
VisualStudioVersion = 15.0.26430.14
MinimumVisualStudioVersion = 10.0.40219.1
Project("{FAE04EC0-301F-11D3-BF4B-00C04F79EFBC}") = "SHWDTech.Platform.StorageConstrains", "..\WDYunPlatform\SHWDTech.Platform.StorageConstrains\SHWDTech.Platform.StorageConstrains.csproj", "{6B3823B8-0540-43AF-9F41-498287D2DD4E}"
EndProject
Project("{FAE04EC0-301F-11D3-BF4B-00C04F79EFBC}") = "Platform.Utility", "..\WDYunPlatform\Platform.Utility\Platform.Utility.csproj", "{95B28F0D-C7D4-479C-AABF-E0F8B4B0E06C}"
EndProject
Project("{FAE04EC0-301F-11D3-BF4B-00C04F79EFBC}") = "Dust.Platform.Storage", "Dust.Platform.Storage\Dust.Platform.Storage.csproj", "{E9AC4C39-D38E-4570-9FAA-C62DC1C82F83}"
EndProject
Project("{FAE04EC0-301F-11D3-BF4B-00C04F79EFBC}") = "Dust.Platform.Service", "Dust.Platform.Service\Dust.Platform.Service.csproj", "{60A30693-EE66-44CA-851A-A176A73F3250}"
EndProject
Project("{FAE04EC0-301F-11D3-BF4B-00C04F79EFBC}") = "ProtocolService", "..\WDYunPlatform\ProtocolService\ProtocolService.csproj", "{CFFD96FF-629E-4E23-903D-80B0082B591A}"
EndProject
Project("{FAE04EC0-301F-11D3-BF4B-00C04F79EFBC}") = "NatioanalEnvirmentEncoder", "NatioanalEnvirmentEncoder\NatioanalEnvirmentEncoder.csproj", "{69245F64-BE93-4760-AF56-14AAA89CACF1}"
EndProject
Project("{FAE04EC0-301F-11D3-BF4B-00C04F79EFBC}") = "Ks.Dust.Platform.TestConsole", "Ks.Dust.Platform.TestConsole\Ks.Dust.Platform.TestConsole.csproj", "{FC3594F8-F53E-4E15-8F8E-43E82F45CBEC}"
EndProject
Project("{FAE04EC0-301F-11D3-BF4B-00C04F79EFBC}") = "KsDust.Platform.Protocol", "KsDust.Platform.Protocol\KsDust.Platform.Protocol.csproj", "{206D7430-93E4-421A-95F4-F01981235C55}"
EndProject
Project("{FAE04EC0-301F-11D3-BF4B-00C04F79EFBC}") = "Ks_Dust_Protocl_AdminTool", "Ks_Dust_Protocl_AdminTool\Ks_Dust_Protocl_AdminTool.csproj", "{F2089FB9-1B91-4014-8834-CB31D4EC0E03}"
EndProject
Project("{FAE04EC0-301F-11D3-BF4B-00C04F79EFBC}") = "Ks.Dust.Protocol.Tester", "Ks.Dust.Protocol.Tester\Ks.Dust.Protocol.Tester.csproj", "{BB68B547-1281-4AA8-BE6E-7EDD55AB71A6}"
EndProject
Project("{FAE04EC0-301F-11D3-BF4B-00C04F79EFBC}") = "WdCameraViewer", "..\WdCameraViewer\WdCameraViewer\WdCameraViewer.csproj", "{16EB10AD-B459-43A2-8D25-F8C5C2FB3A35}"
EndProject
Project("{FAE04EC0-301F-11D3-BF4B-00C04F79EFBC}") = "Dust.Platform.Web", "Dust.Platform.Web\Dust.Platform.Web.csproj", "{97106CC7-3A03-49DE-81B8-4AC284BD5642}"
EndProject
Project("{FAE04EC0-301F-11D3-BF4B-00C04F79EFBC}") = "Ks.Dust.Camera.Client", "Ks.Dust.Camera.Client\Ks.Dust.Camera.Client.csproj", "{881B6CD8-215D-4D80-9112-0BF979469488}"
EndProject
Project("{FAE04EC0-301F-11D3-BF4B-00C04F79EFBC}") = "Ks.Dust.Camera.MainControl", "Ks.Dust.Camera.MainControl\Ks.Dust.Camera.MainControl.csproj", "{47D01556-B5A4-490C-93A0-8348B95E4403}"
EndProject
Project("{FAE04EC0-301F-11D3-BF4B-00C04F79EFBC}") = "Ks.Dust.PeroidReportGenerator", "Ks.Dust.PeroidReportGenerator\Ks.Dust.PeroidReportGenerator.csproj", "{78F570EC-7B57-42C9-B9FE-BAAB6C0C95A7}"
EndProject
Project("{2150E333-8FDC-42A3-9474-1A3956D46DE8}") = "BackgroundServices", "BackgroundServices", "{7D3E0620-C9F7-496D-B739-DBD427F2C95F}"
EndProject
Project("{888888A0-9F3D-457C-B088-3A5042F75D52}") = "WeatherUpdater", "WeatherUpdater\WeatherUpdater.pyproj", "{91B5F5E3-0DB9-45BD-80AD-5BFA58C3149C}"
EndProject
Project("{2150E333-8FDC-42A3-9474-1A3956D46DE8}") = "Mobile", "Mobile", "{A57E0BE4-AE98-4475-9200-CB2482D53D40}"
EndProject
Project("{FAE04EC0-301F-11D3-BF4B-00C04F79EFBC}") = "Ks.Dust.Android.DataPresenter", "Ks.Dust.Android.DataPresenter\Ks.Dust.Android.DataPresenter.csproj", "{DD07BF3B-F4CB-4210-9D58-BBC4648F110D}"
EndProject
Global
	GlobalSection(SolutionConfigurationPlatforms) = preSolution
		Debug|Any CPU = Debug|Any CPU
		Release|Any CPU = Release|Any CPU
	EndGlobalSection
	GlobalSection(ProjectConfigurationPlatforms) = postSolution
		{6B3823B8-0540-43AF-9F41-498287D2DD4E}.Debug|Any CPU.ActiveCfg = Debug|Any CPU
		{6B3823B8-0540-43AF-9F41-498287D2DD4E}.Debug|Any CPU.Build.0 = Debug|Any CPU
		{6B3823B8-0540-43AF-9F41-498287D2DD4E}.Release|Any CPU.ActiveCfg = Release|Any CPU
		{6B3823B8-0540-43AF-9F41-498287D2DD4E}.Release|Any CPU.Build.0 = Release|Any CPU
		{95B28F0D-C7D4-479C-AABF-E0F8B4B0E06C}.Debug|Any CPU.ActiveCfg = Debug|Any CPU
		{95B28F0D-C7D4-479C-AABF-E0F8B4B0E06C}.Debug|Any CPU.Build.0 = Debug|Any CPU
		{95B28F0D-C7D4-479C-AABF-E0F8B4B0E06C}.Release|Any CPU.ActiveCfg = Release|Any CPU
		{95B28F0D-C7D4-479C-AABF-E0F8B4B0E06C}.Release|Any CPU.Build.0 = Release|Any CPU
		{E9AC4C39-D38E-4570-9FAA-C62DC1C82F83}.Debug|Any CPU.ActiveCfg = Debug|Any CPU
		{E9AC4C39-D38E-4570-9FAA-C62DC1C82F83}.Debug|Any CPU.Build.0 = Debug|Any CPU
		{E9AC4C39-D38E-4570-9FAA-C62DC1C82F83}.Release|Any CPU.ActiveCfg = Release|Any CPU
		{E9AC4C39-D38E-4570-9FAA-C62DC1C82F83}.Release|Any CPU.Build.0 = Release|Any CPU
		{60A30693-EE66-44CA-851A-A176A73F3250}.Debug|Any CPU.ActiveCfg = Debug|Any CPU
		{60A30693-EE66-44CA-851A-A176A73F3250}.Debug|Any CPU.Build.0 = Debug|Any CPU
		{60A30693-EE66-44CA-851A-A176A73F3250}.Release|Any CPU.ActiveCfg = Release|Any CPU
		{60A30693-EE66-44CA-851A-A176A73F3250}.Release|Any CPU.Build.0 = Release|Any CPU
		{CFFD96FF-629E-4E23-903D-80B0082B591A}.Debug|Any CPU.ActiveCfg = Debug|Any CPU
		{CFFD96FF-629E-4E23-903D-80B0082B591A}.Debug|Any CPU.Build.0 = Debug|Any CPU
		{CFFD96FF-629E-4E23-903D-80B0082B591A}.Release|Any CPU.ActiveCfg = Release|Any CPU
		{CFFD96FF-629E-4E23-903D-80B0082B591A}.Release|Any CPU.Build.0 = Release|Any CPU
		{69245F64-BE93-4760-AF56-14AAA89CACF1}.Debug|Any CPU.ActiveCfg = Debug|Any CPU
		{69245F64-BE93-4760-AF56-14AAA89CACF1}.Debug|Any CPU.Build.0 = Debug|Any CPU
		{69245F64-BE93-4760-AF56-14AAA89CACF1}.Release|Any CPU.ActiveCfg = Release|Any CPU
		{69245F64-BE93-4760-AF56-14AAA89CACF1}.Release|Any CPU.Build.0 = Release|Any CPU
		{FC3594F8-F53E-4E15-8F8E-43E82F45CBEC}.Debug|Any CPU.ActiveCfg = Debug|Any CPU
		{FC3594F8-F53E-4E15-8F8E-43E82F45CBEC}.Debug|Any CPU.Build.0 = Debug|Any CPU
		{FC3594F8-F53E-4E15-8F8E-43E82F45CBEC}.Release|Any CPU.ActiveCfg = Release|Any CPU
		{FC3594F8-F53E-4E15-8F8E-43E82F45CBEC}.Release|Any CPU.Build.0 = Release|Any CPU
		{206D7430-93E4-421A-95F4-F01981235C55}.Debug|Any CPU.ActiveCfg = Debug|Any CPU
		{206D7430-93E4-421A-95F4-F01981235C55}.Debug|Any CPU.Build.0 = Debug|Any CPU
		{206D7430-93E4-421A-95F4-F01981235C55}.Release|Any CPU.ActiveCfg = Release|Any CPU
		{206D7430-93E4-421A-95F4-F01981235C55}.Release|Any CPU.Build.0 = Release|Any CPU
		{F2089FB9-1B91-4014-8834-CB31D4EC0E03}.Debug|Any CPU.ActiveCfg = Debug|Any CPU
		{F2089FB9-1B91-4014-8834-CB31D4EC0E03}.Debug|Any CPU.Build.0 = Debug|Any CPU
		{F2089FB9-1B91-4014-8834-CB31D4EC0E03}.Release|Any CPU.ActiveCfg = Release|Any CPU
		{F2089FB9-1B91-4014-8834-CB31D4EC0E03}.Release|Any CPU.Build.0 = Release|Any CPU
		{BB68B547-1281-4AA8-BE6E-7EDD55AB71A6}.Debug|Any CPU.ActiveCfg = Debug|Any CPU
		{BB68B547-1281-4AA8-BE6E-7EDD55AB71A6}.Debug|Any CPU.Build.0 = Debug|Any CPU
		{BB68B547-1281-4AA8-BE6E-7EDD55AB71A6}.Release|Any CPU.ActiveCfg = Release|Any CPU
		{BB68B547-1281-4AA8-BE6E-7EDD55AB71A6}.Release|Any CPU.Build.0 = Release|Any CPU
		{16EB10AD-B459-43A2-8D25-F8C5C2FB3A35}.Debug|Any CPU.ActiveCfg = Debug|Any CPU
		{16EB10AD-B459-43A2-8D25-F8C5C2FB3A35}.Debug|Any CPU.Build.0 = Debug|Any CPU
		{16EB10AD-B459-43A2-8D25-F8C5C2FB3A35}.Release|Any CPU.ActiveCfg = Release|Any CPU
		{16EB10AD-B459-43A2-8D25-F8C5C2FB3A35}.Release|Any CPU.Build.0 = Release|Any CPU
		{97106CC7-3A03-49DE-81B8-4AC284BD5642}.Debug|Any CPU.ActiveCfg = Debug|Any CPU
		{97106CC7-3A03-49DE-81B8-4AC284BD5642}.Debug|Any CPU.Build.0 = Debug|Any CPU
		{97106CC7-3A03-49DE-81B8-4AC284BD5642}.Release|Any CPU.ActiveCfg = Release|Any CPU
		{97106CC7-3A03-49DE-81B8-4AC284BD5642}.Release|Any CPU.Build.0 = Release|Any CPU
		{881B6CD8-215D-4D80-9112-0BF979469488}.Debug|Any CPU.ActiveCfg = Debug|Any CPU
		{881B6CD8-215D-4D80-9112-0BF979469488}.Debug|Any CPU.Build.0 = Debug|Any CPU
		{881B6CD8-215D-4D80-9112-0BF979469488}.Release|Any CPU.ActiveCfg = Release|Any CPU
		{881B6CD8-215D-4D80-9112-0BF979469488}.Release|Any CPU.Build.0 = Release|Any CPU
		{47D01556-B5A4-490C-93A0-8348B95E4403}.Debug|Any CPU.ActiveCfg = Debug|Any CPU
		{47D01556-B5A4-490C-93A0-8348B95E4403}.Debug|Any CPU.Build.0 = Debug|Any CPU
		{47D01556-B5A4-490C-93A0-8348B95E4403}.Release|Any CPU.ActiveCfg = Release|Any CPU
		{47D01556-B5A4-490C-93A0-8348B95E4403}.Release|Any CPU.Build.0 = Release|Any CPU
		{78F570EC-7B57-42C9-B9FE-BAAB6C0C95A7}.Debug|Any CPU.ActiveCfg = Debug|Any CPU
		{78F570EC-7B57-42C9-B9FE-BAAB6C0C95A7}.Debug|Any CPU.Build.0 = Debug|Any CPU
		{78F570EC-7B57-42C9-B9FE-BAAB6C0C95A7}.Release|Any CPU.ActiveCfg = Release|Any CPU
		{78F570EC-7B57-42C9-B9FE-BAAB6C0C95A7}.Release|Any CPU.Build.0 = Release|Any CPU
		{91B5F5E3-0DB9-45BD-80AD-5BFA58C3149C}.Debug|Any CPU.ActiveCfg = Debug|Any CPU
		{91B5F5E3-0DB9-45BD-80AD-5BFA58C3149C}.Release|Any CPU.ActiveCfg = Release|Any CPU
		{DD07BF3B-F4CB-4210-9D58-BBC4648F110D}.Debug|Any CPU.ActiveCfg = Debug|Any CPU
		{DD07BF3B-F4CB-4210-9D58-BBC4648F110D}.Debug|Any CPU.Build.0 = Debug|Any CPU
		{DD07BF3B-F4CB-4210-9D58-BBC4648F110D}.Debug|Any CPU.Deploy.0 = Debug|Any CPU
		{DD07BF3B-F4CB-4210-9D58-BBC4648F110D}.Release|Any CPU.ActiveCfg = Release|Any CPU
		{DD07BF3B-F4CB-4210-9D58-BBC4648F110D}.Release|Any CPU.Build.0 = Release|Any CPU
		{DD07BF3B-F4CB-4210-9D58-BBC4648F110D}.Release|Any CPU.Deploy.0 = Release|Any CPU
	EndGlobalSection
	GlobalSection(SolutionProperties) = preSolution
		HideSolutionNode = FALSE
	EndGlobalSection
	GlobalSection(NestedProjects) = preSolution
		{DD07BF3B-F4CB-4210-9D58-BBC4648F110D} = {A57E0BE4-AE98-4475-9200-CB2482D53D40}
	EndGlobalSection
EndGlobal
